
Microsoft Visual Studio Solution File, Format Version 12.00
# Visual Studio Version 17
VisualStudioVersion = 17.3.32825.248
MinimumVisualStudioVersion = 10.0.40219.1
Project("{F184B08F-C81C-45F6-A57F-5ABD9991F28F}") = "Tic Tac Toe Project", "Tic Tac Toe Project\Tic Tac Toe Project.vbproj", "{4685A745-F5FB-4BCA-910E-E863E946307D}"
EndProject
Global
	GlobalSection(SolutionConfigurationPlatforms) = preSolution
		Debug|Any CPU = Debug|Any CPU
		Release|Any CPU = Release|Any CPU
	EndGlobalSection
	GlobalSection(ProjectConfigurationPlatforms) = postSolution
		{4685A745-F5FB-4BCA-910E-E863E946307D}.Debug|Any CPU.ActiveCfg = Debug|Any CPU
		{4685A745-F5FB-4BCA-910E-E863E946307D}.Debug|Any CPU.Build.0 = Debug|Any CPU
		{4685A745-F5FB-4BCA-910E-E863E946307D}.Release|Any CPU.ActiveCfg = Release|Any CPU
		{4685A745-F5FB-4BCA-910E-E863E946307D}.Release|Any CPU.Build.0 = Release|Any CPU
	EndGlobalSection
	GlobalSection(SolutionProperties) = preSolution
		HideSolutionNode = FALSE
	EndGlobalSection
	GlobalSection(ExtensibilityGlobals) = postSolution
		SolutionGuid = {091996E3-E5B8-4DE5-83CB-8C215C29ED11}
	EndGlobalSection
EndGlobal
